
Microsoft Visual Studio Solution File, Format Version 12.00
# Visual Studio Version 16
VisualStudioVersion = 16.0.28803.202
MinimumVisualStudioVersion = 10.0.40219.1
Project("{2150E333-8FDC-42A3-9474-1A3956D46DE8}") = "Cerberus", "Cerberus", "{0F66CFA4-8A3B-4A50-8C8E-2BB7F710854D}"
EndProject
Project("{FAE04EC0-301F-11D3-BF4B-00C04F79EFBC}") = "CerberusV2", "CerberusV2\CerberusV2.csproj", "{B782627E-2191-4B7D-A6FA-66B81E2B70BD}"
EndProject
Project("{2150E333-8FDC-42A3-9474-1A3956D46DE8}") = "From Workshop", "From Workshop", "{9EB0DFA3-51F8-4A28-AC19-00D5FD3DD32F}"
EndProject
Project("{FAE04EC0-301F-11D3-BF4B-00C04F79EFBC}") = "Braking", "Braking\Braking.csproj", "{EC962616-FE86-46CC-BE89-C98262F8ACE7}"
EndProject
Project("{FAE04EC0-301F-11D3-BF4B-00C04F79EFBC}") = "ShipReconnectLaserAntenna", "ShipReconnectLaserAntenna\ShipReconnectLaserAntenna.csproj", "{CBD42B75-9507-46AA-800C-6BF8797349A4}"
EndProject
Project("{FAE04EC0-301F-11D3-BF4B-00C04F79EFBC}") = "Test", "Test\Test.csproj", "{957BD663-BD7B-48AF-A12A-2445E1CFDA74}"
EndProject
Project("{FAE04EC0-301F-11D3-BF4B-00C04F79EFBC}") = "Airlock", "Airlock\Airlock.csproj", "{BC6F92DA-A463-4DB4-986B-B5A46DC31FA0}"
EndProject
Project("{FAE04EC0-301F-11D3-BF4B-00C04F79EFBC}") = "AddSuffixToEverything", "AddSuffixToEverything\AddSuffixToEverything.csproj", "{D4F8CE86-DA74-432A-878F-845834A59583}"
EndProject
Project("{FAE04EC0-301F-11D3-BF4B-00C04F79EFBC}") = "CargoStatus", "CargoStatus\CargoStatus.csproj", "{D1E1BD59-A56E-4C4B-B03E-783F93FD9C50}"
EndProject
Project("{FAE04EC0-301F-11D3-BF4B-00C04F79EFBC}") = "CerberusMain", "CerberusMain\CerberusMain.csproj", "{51182257-67CD-4F15-8B88-3FE59B0C1D1B}"
EndProject
Project("{FAE04EC0-301F-11D3-BF4B-00C04F79EFBC}") = "BatteryInfo", "BatteryInfo\BatteryInfo.csproj", "{783B9865-CD25-42D3-9119-C01E1C9679B5}"
EndProject
Project("{2150E333-8FDC-42A3-9474-1A3956D46DE8}") = "Deprecated", "Deprecated", "{3BBAEF6A-1667-48E6-B063-B44273544356}"
EndProject
Global
	GlobalSection(SolutionConfigurationPlatforms) = preSolution
		Debug|x64 = Debug|x64
	EndGlobalSection
	GlobalSection(ProjectConfigurationPlatforms) = postSolution
		{B782627E-2191-4B7D-A6FA-66B81E2B70BD}.Debug|x64.ActiveCfg = Debug|x64
		{B782627E-2191-4B7D-A6FA-66B81E2B70BD}.Debug|x64.Build.0 = Debug|x64
		{EC962616-FE86-46CC-BE89-C98262F8ACE7}.Debug|x64.ActiveCfg = Debug|x64
		{EC962616-FE86-46CC-BE89-C98262F8ACE7}.Debug|x64.Build.0 = Debug|x64
		{CBD42B75-9507-46AA-800C-6BF8797349A4}.Debug|x64.ActiveCfg = Debug|x64
		{CBD42B75-9507-46AA-800C-6BF8797349A4}.Debug|x64.Build.0 = Debug|x64
		{957BD663-BD7B-48AF-A12A-2445E1CFDA74}.Debug|x64.ActiveCfg = Debug|x64
		{957BD663-BD7B-48AF-A12A-2445E1CFDA74}.Debug|x64.Build.0 = Debug|x64
		{BC6F92DA-A463-4DB4-986B-B5A46DC31FA0}.Debug|x64.ActiveCfg = Debug|x64
		{BC6F92DA-A463-4DB4-986B-B5A46DC31FA0}.Debug|x64.Build.0 = Debug|x64
		{D4F8CE86-DA74-432A-878F-845834A59583}.Debug|x64.ActiveCfg = Debug|x64
		{D4F8CE86-DA74-432A-878F-845834A59583}.Debug|x64.Build.0 = Debug|x64
		{D1E1BD59-A56E-4C4B-B03E-783F93FD9C50}.Debug|x64.ActiveCfg = Debug|x64
		{D1E1BD59-A56E-4C4B-B03E-783F93FD9C50}.Debug|x64.Build.0 = Debug|x64
		{51182257-67CD-4F15-8B88-3FE59B0C1D1B}.Debug|x64.ActiveCfg = Debug|x64
		{51182257-67CD-4F15-8B88-3FE59B0C1D1B}.Debug|x64.Build.0 = Debug|x64
		{783B9865-CD25-42D3-9119-C01E1C9679B5}.Debug|x64.ActiveCfg = Debug|x64
		{783B9865-CD25-42D3-9119-C01E1C9679B5}.Debug|x64.Build.0 = Debug|x64
	EndGlobalSection
	GlobalSection(SolutionProperties) = preSolution
		HideSolutionNode = FALSE
	EndGlobalSection
	GlobalSection(NestedProjects) = preSolution
		{B782627E-2191-4B7D-A6FA-66B81E2B70BD} = {0F66CFA4-8A3B-4A50-8C8E-2BB7F710854D}
		{EC962616-FE86-46CC-BE89-C98262F8ACE7} = {9EB0DFA3-51F8-4A28-AC19-00D5FD3DD32F}
		{51182257-67CD-4F15-8B88-3FE59B0C1D1B} = {3BBAEF6A-1667-48E6-B063-B44273544356}
		{3BBAEF6A-1667-48E6-B063-B44273544356} = {0F66CFA4-8A3B-4A50-8C8E-2BB7F710854D}
	EndGlobalSection
	GlobalSection(ExtensibilityGlobals) = postSolution
		SolutionGuid = {698EB799-9CBC-4235-803F-07BBB08C544B}
	EndGlobalSection
EndGlobal
