
Microsoft Visual Studio Solution File, Format Version 12.00
# Visual Studio Version 16
VisualStudioVersion = 16.0.28803.202
MinimumVisualStudioVersion = 10.0.40219.1
Project("{FAE04EC0-301F-11D3-BF4B-00C04F79EFBC}") = "AddSuffixToEverything", "AddSuffixToEverything\AddSuffixToEverything.csproj", "{8AABF2C8-3359-46DB-95EB-7A2C6A596511}"
EndProject
Project("{FAE04EC0-301F-11D3-BF4B-00C04F79EFBC}") = "Airlock", "Airlock\Airlock.csproj", "{64786D95-9908-4CE0-ABFF-475AA78C752A}"
EndProject
Project("{FAE04EC0-301F-11D3-BF4B-00C04F79EFBC}") = "BatteryInfo", "BatteryInfo\BatteryInfo.csproj", "{21C05C50-E00D-4014-A60A-3D907A31D2B0}"
EndProject
Project("{FAE04EC0-301F-11D3-BF4B-00C04F79EFBC}") = "CargoStatus", "CargoStatus\CargoStatus.csproj", "{D31421DC-7B6B-4D60-8D5F-617ED215F078}"
EndProject
Project("{FAE04EC0-301F-11D3-BF4B-00C04F79EFBC}") = "ShipReconnectLaserAntenna", "ShipReconnectLaserAntenna\ShipReconnectLaserAntenna.csproj", "{931E1112-AF56-4213-8CAE-8DAA512D0295}"
EndProject
Project("{FAE04EC0-301F-11D3-BF4B-00C04F79EFBC}") = "Test", "Test\Test.csproj", "{BAB7D90A-07B0-49F9-8DD5-E65A70F62EE9}"
EndProject
Project("{FAE04EC0-301F-11D3-BF4B-00C04F79EFBC}") = "CerberusMain", "CerberusMain\CerberusMain.csproj", "{C3D5DEF7-AB8F-4EA1-8892-D3673AE63B4A}"
EndProject
Global
	GlobalSection(SolutionConfigurationPlatforms) = preSolution
		Debug|x64 = Debug|x64
	EndGlobalSection
	GlobalSection(ProjectConfigurationPlatforms) = postSolution
		{8AABF2C8-3359-46DB-95EB-7A2C6A596511}.Debug|x64.ActiveCfg = Debug|x64
		{8AABF2C8-3359-46DB-95EB-7A2C6A596511}.Debug|x64.Build.0 = Debug|x64
		{64786D95-9908-4CE0-ABFF-475AA78C752A}.Debug|x64.ActiveCfg = Debug|x64
		{64786D95-9908-4CE0-ABFF-475AA78C752A}.Debug|x64.Build.0 = Debug|x64
		{21C05C50-E00D-4014-A60A-3D907A31D2B0}.Debug|x64.ActiveCfg = Debug|x64
		{21C05C50-E00D-4014-A60A-3D907A31D2B0}.Debug|x64.Build.0 = Debug|x64
		{D31421DC-7B6B-4D60-8D5F-617ED215F078}.Debug|x64.ActiveCfg = Debug|x64
		{D31421DC-7B6B-4D60-8D5F-617ED215F078}.Debug|x64.Build.0 = Debug|x64
		{931E1112-AF56-4213-8CAE-8DAA512D0295}.Debug|x64.ActiveCfg = Debug|x64
		{931E1112-AF56-4213-8CAE-8DAA512D0295}.Debug|x64.Build.0 = Debug|x64
		{BAB7D90A-07B0-49F9-8DD5-E65A70F62EE9}.Debug|x64.ActiveCfg = Debug|x64
		{BAB7D90A-07B0-49F9-8DD5-E65A70F62EE9}.Debug|x64.Build.0 = Debug|x64
		{C3D5DEF7-AB8F-4EA1-8892-D3673AE63B4A}.Debug|x64.ActiveCfg = Debug|x64
		{C3D5DEF7-AB8F-4EA1-8892-D3673AE63B4A}.Debug|x64.Build.0 = Debug|x64
	EndGlobalSection
	GlobalSection(SolutionProperties) = preSolution
		HideSolutionNode = FALSE
	EndGlobalSection
	GlobalSection(ExtensibilityGlobals) = postSolution
		SolutionGuid = {698EB799-9CBC-4235-803F-07BBB08C544B}
	EndGlobalSection
EndGlobal
